// !$*UTF8*$!
{
	archiveVersion = 1;
	classes = {
	};
	objectVersion = 50;
	objects = {

/* Begin PBXBuildFile section */
		4C59F718234CF43900EE489E /* CustomTabBarController.swift in Sources */ = {isa = PBXBuildFile; fileRef = 4C59F717234CF43900EE489E /* CustomTabBarController.swift */; };
		4C7866CF2347AE8F00114639 /* AppDelegate.swift in Sources */ = {isa = PBXBuildFile; fileRef = 4C7866CE2347AE8F00114639 /* AppDelegate.swift */; };
		4C7866D12347AE8F00114639 /* PlaceViewController.swift in Sources */ = {isa = PBXBuildFile; fileRef = 4C7866D02347AE8F00114639 /* PlaceViewController.swift */; };
		4C7866D62347AE8F00114639 /* Main.storyboard in Resources */ = {isa = PBXBuildFile; fileRef = 4C7866D42347AE8F00114639 /* Main.storyboard */; };
		4C7866D82347AE8F00114639 /* Assets.xcassets in Resources */ = {isa = PBXBuildFile; fileRef = 4C7866D72347AE8F00114639 /* Assets.xcassets */; };
		4C7866DB2347AE8F00114639 /* LaunchScreen.storyboard in Resources */ = {isa = PBXBuildFile; fileRef = 4C7866D92347AE8F00114639 /* LaunchScreen.storyboard */; };
		4C7866E62347AE9000114639 /* ARHomeTests.swift in Sources */ = {isa = PBXBuildFile; fileRef = 4C7866E52347AE9000114639 /* ARHomeTests.swift */; };
		4CA5802D234C34F3007C0417 /* chair_swan.usdz in Resources */ = {isa = PBXBuildFile; fileRef = 4CA5802C234C34F3007C0417 /* chair_swan.usdz */; };
/* End PBXBuildFile section */

/* Begin PBXContainerItemProxy section */
		4C7866E22347AE9000114639 /* PBXContainerItemProxy */ = {
			isa = PBXContainerItemProxy;
			containerPortal = 4C7866C32347AE8F00114639 /* Project object */;
			proxyType = 1;
			remoteGlobalIDString = 4C7866CA2347AE8F00114639;
			remoteInfo = ARHome;
		};
/* End PBXContainerItemProxy section */

/* Begin PBXFileReference section */
		4C59F717234CF43900EE489E /* CustomTabBarController.swift */ = {isa = PBXFileReference; lastKnownFileType = sourcecode.swift; path = CustomTabBarController.swift; sourceTree = "<group>"; };
		4C7866CB2347AE8F00114639 /* ARHome.app */ = {isa = PBXFileReference; explicitFileType = wrapper.application; includeInIndex = 0; path = ARHome.app; sourceTree = BUILT_PRODUCTS_DIR; };
		4C7866CE2347AE8F00114639 /* AppDelegate.swift */ = {isa = PBXFileReference; lastKnownFileType = sourcecode.swift; path = AppDelegate.swift; sourceTree = "<group>"; };
		4C7866D02347AE8F00114639 /* PlaceViewController.swift */ = {isa = PBXFileReference; lastKnownFileType = sourcecode.swift; path = PlaceViewController.swift; sourceTree = "<group>"; };
		4C7866D52347AE8F00114639 /* Base */ = {isa = PBXFileReference; lastKnownFileType = file.storyboard; name = Base; path = Base.lproj/Main.storyboard; sourceTree = "<group>"; };
		4C7866D72347AE8F00114639 /* Assets.xcassets */ = {isa = PBXFileReference; lastKnownFileType = folder.assetcatalog; path = Assets.xcassets; sourceTree = "<group>"; };
		4C7866DA2347AE8F00114639 /* Base */ = {isa = PBXFileReference; lastKnownFileType = file.storyboard; name = Base; path = Base.lproj/LaunchScreen.storyboard; sourceTree = "<group>"; };
		4C7866DC2347AE8F00114639 /* Info.plist */ = {isa = PBXFileReference; lastKnownFileType = text.plist.xml; path = Info.plist; sourceTree = "<group>"; };
		4C7866E12347AE9000114639 /* ARHomeTests.xctest */ = {isa = PBXFileReference; explicitFileType = wrapper.cfbundle; includeInIndex = 0; path = ARHomeTests.xctest; sourceTree = BUILT_PRODUCTS_DIR; };
		4C7866E52347AE9000114639 /* ARHomeTests.swift */ = {isa = PBXFileReference; lastKnownFileType = sourcecode.swift; path = ARHomeTests.swift; sourceTree = "<group>"; };
		4C7866E72347AE9000114639 /* Info.plist */ = {isa = PBXFileReference; lastKnownFileType = text.plist.xml; path = Info.plist; sourceTree = "<group>"; };
		4CA5802C234C34F3007C0417 /* chair_swan.usdz */ = {isa = PBXFileReference; lastKnownFileType = file.usdz; path = chair_swan.usdz; sourceTree = "<group>"; };
/* End PBXFileReference section */

/* Begin PBXFrameworksBuildPhase section */
		4C7866C82347AE8F00114639 /* Frameworks */ = {
			isa = PBXFrameworksBuildPhase;
			buildActionMask = 2147483647;
			files = (
			);
			runOnlyForDeploymentPostprocessing = 0;
		};
		4C7866DE2347AE9000114639 /* Frameworks */ = {
			isa = PBXFrameworksBuildPhase;
			buildActionMask = 2147483647;
			files = (
			);
			runOnlyForDeploymentPostprocessing = 0;
		};
/* End PBXFrameworksBuildPhase section */

/* Begin PBXGroup section */
		4C7866C22347AE8F00114639 = {
			isa = PBXGroup;
			children = (
				4C7866CD2347AE8F00114639 /* ARHome */,
				4C7866E42347AE9000114639 /* ARHomeTests */,
				4C7866CC2347AE8F00114639 /* Products */,
			);
			sourceTree = "<group>";
		};
		4C7866CC2347AE8F00114639 /* Products */ = {
			isa = PBXGroup;
			children = (
				4C7866CB2347AE8F00114639 /* ARHome.app */,
				4C7866E12347AE9000114639 /* ARHomeTests.xctest */,
			);
			name = Products;
			sourceTree = "<group>";
		};
		4C7866CD2347AE8F00114639 /* ARHome */ = {
			isa = PBXGroup;
			children = (
				4C7866CE2347AE8F00114639 /* AppDelegate.swift */,
				4C7866D02347AE8F00114639 /* PlaceViewController.swift */,
				4C59F717234CF43900EE489E /* CustomTabBarController.swift */,
				4CA5802C234C34F3007C0417 /* chair_swan.usdz */,
				4C7866D42347AE8F00114639 /* Main.storyboard */,
				4C7866D72347AE8F00114639 /* Assets.xcassets */,
				4C7866D92347AE8F00114639 /* LaunchScreen.storyboard */,
				4C7866DC2347AE8F00114639 /* Info.plist */,
			);
			path = ARHome;
			sourceTree = "<group>";
		};
		4C7866E42347AE9000114639 /* ARHomeTests */ = {
			isa = PBXGroup;
			children = (
				4C7866E52347AE9000114639 /* ARHomeTests.swift */,
				4C7866E72347AE9000114639 /* Info.plist */,
			);
			path = ARHomeTests;
			sourceTree = "<group>";
		};
/* End PBXGroup section */

/* Begin PBXNativeTarget section */
		4C7866CA2347AE8F00114639 /* ARHome */ = {
			isa = PBXNativeTarget;
			buildConfigurationList = 4C7866EA2347AE9000114639 /* Build configuration list for PBXNativeTarget "ARHome" */;
			buildPhases = (
				4C7866C72347AE8F00114639 /* Sources */,
				4C7866C82347AE8F00114639 /* Frameworks */,
				4C7866C92347AE8F00114639 /* Resources */,
			);
			buildRules = (
			);
			dependencies = (
			);
			name = ARHome;
			productName = ARHome;
			productReference = 4C7866CB2347AE8F00114639 /* ARHome.app */;
			productType = "com.apple.product-type.application";
		};
		4C7866E02347AE9000114639 /* ARHomeTests */ = {
			isa = PBXNativeTarget;
			buildConfigurationList = 4C7866ED2347AE9000114639 /* Build configuration list for PBXNativeTarget "ARHomeTests" */;
			buildPhases = (
				4C7866DD2347AE9000114639 /* Sources */,
				4C7866DE2347AE9000114639 /* Frameworks */,
				4C7866DF2347AE9000114639 /* Resources */,
			);
			buildRules = (
			);
			dependencies = (
				4C7866E32347AE9000114639 /* PBXTargetDependency */,
			);
			name = ARHomeTests;
			productName = ARHomeTests;
			productReference = 4C7866E12347AE9000114639 /* ARHomeTests.xctest */;
			productType = "com.apple.product-type.bundle.unit-test";
		};
/* End PBXNativeTarget section */

/* Begin PBXProject section */
		4C7866C32347AE8F00114639 /* Project object */ = {
			isa = PBXProject;
			attributes = {
				LastSwiftUpdateCheck = 1100;
				LastUpgradeCheck = 1100;
				ORGANIZATIONNAME = "Rachel Chen";
				TargetAttributes = {
					4C7866CA2347AE8F00114639 = {
						CreatedOnToolsVersion = 11.0;
					};
					4C7866E02347AE9000114639 = {
						CreatedOnToolsVersion = 11.0;
						TestTargetID = 4C7866CA2347AE8F00114639;
					};
				};
			};
			buildConfigurationList = 4C7866C62347AE8F00114639 /* Build configuration list for PBXProject "ARHome" */;
			compatibilityVersion = "Xcode 9.3";
			developmentRegion = en;
			hasScannedForEncodings = 0;
			knownRegions = (
				en,
				Base,
			);
			mainGroup = 4C7866C22347AE8F00114639;
			productRefGroup = 4C7866CC2347AE8F00114639 /* Products */;
			projectDirPath = "";
			projectRoot = "";
			targets = (
				4C7866CA2347AE8F00114639 /* ARHome */,
				4C7866E02347AE9000114639 /* ARHomeTests */,
			);
		};
/* End PBXProject section */

/* Begin PBXResourcesBuildPhase section */
		4C7866C92347AE8F00114639 /* Resources */ = {
			isa = PBXResourcesBuildPhase;
			buildActionMask = 2147483647;
			files = (
				4C7866DB2347AE8F00114639 /* LaunchScreen.storyboard in Resources */,
				4C7866D82347AE8F00114639 /* Assets.xcassets in Resources */,
				4CA5802D234C34F3007C0417 /* chair_swan.usdz in Resources */,
				4C7866D62347AE8F00114639 /* Main.storyboard in Resources */,
			);
			runOnlyForDeploymentPostprocessing = 0;
		};
		4C7866DF2347AE9000114639 /* Resources */ = {
			isa = PBXResourcesBuildPhase;
			buildActionMask = 2147483647;
			files = (
			);
			runOnlyForDeploymentPostprocessing = 0;
		};
/* End PBXResourcesBuildPhase section */

/* Begin PBXSourcesBuildPhase section */
		4C7866C72347AE8F00114639 /* Sources */ = {
			isa = PBXSourcesBuildPhase;
			buildActionMask = 2147483647;
			files = (
				4C7866D12347AE8F00114639 /* PlaceViewController.swift in Sources */,
				4C7866CF2347AE8F00114639 /* AppDelegate.swift in Sources */,
				4C59F718234CF43900EE489E /* CustomTabBarController.swift in Sources */,
			);
			runOnlyForDeploymentPostprocessing = 0;
		};
		4C7866DD2347AE9000114639 /* Sources */ = {
			isa = PBXSourcesBuildPhase;
			buildActionMask = 2147483647;
			files = (
				4C7866E62347AE9000114639 /* ARHomeTests.swift in Sources */,
			);
			runOnlyForDeploymentPostprocessing = 0;
		};
/* End PBXSourcesBuildPhase section */

/* Begin PBXTargetDependency section */
		4C7866E32347AE9000114639 /* PBXTargetDependency */ = {
			isa = PBXTargetDependency;
			target = 4C7866CA2347AE8F00114639 /* ARHome */;
			targetProxy = 4C7866E22347AE9000114639 /* PBXContainerItemProxy */;
		};
/* End PBXTargetDependency section */

/* Begin PBXVariantGroup section */
		4C7866D42347AE8F00114639 /* Main.storyboard */ = {
			isa = PBXVariantGroup;
			children = (
				4C7866D52347AE8F00114639 /* Base */,
			);
			name = Main.storyboard;
			sourceTree = "<group>";
		};
		4C7866D92347AE8F00114639 /* LaunchScreen.storyboard */ = {
			isa = PBXVariantGroup;
			children = (
				4C7866DA2347AE8F00114639 /* Base */,
			);
			name = LaunchScreen.storyboard;
			sourceTree = "<group>";
		};
/* End PBXVariantGroup section */

/* Begin XCBuildConfiguration section */
		4C7866E82347AE9000114639 /* Debug */ = {
			isa = XCBuildConfiguration;
			buildSettings = {
				ALWAYS_SEARCH_USER_PATHS = NO;
				CLANG_ANALYZER_NONNULL = YES;
				CLANG_ANALYZER_NUMBER_OBJECT_CONVERSION = YES_AGGRESSIVE;
				CLANG_CXX_LANGUAGE_STANDARD = "gnu++14";
				CLANG_CXX_LIBRARY = "libc++";
				CLANG_ENABLE_MODULES = YES;
				CLANG_ENABLE_OBJC_ARC = YES;
				CLANG_ENABLE_OBJC_WEAK = YES;
				CLANG_WARN_BLOCK_CAPTURE_AUTORELEASING = YES;
				CLANG_WARN_BOOL_CONVERSION = YES;
				CLANG_WARN_COMMA = YES;
				CLANG_WARN_CONSTANT_CONVERSION = YES;
				CLANG_WARN_DEPRECATED_OBJC_IMPLEMENTATIONS = YES;
				CLANG_WARN_DIRECT_OBJC_ISA_USAGE = YES_ERROR;
				CLANG_WARN_DOCUMENTATION_COMMENTS = YES;
				CLANG_WARN_EMPTY_BODY = YES;
				CLANG_WARN_ENUM_CONVERSION = YES;
				CLANG_WARN_INFINITE_RECURSION = YES;
				CLANG_WARN_INT_CONVERSION = YES;
				CLANG_WARN_NON_LITERAL_NULL_CONVERSION = YES;
				CLANG_WARN_OBJC_IMPLICIT_RETAIN_SELF = YES;
				CLANG_WARN_OBJC_LITERAL_CONVERSION = YES;
				CLANG_WARN_OBJC_ROOT_CLASS = YES_ERROR;
				CLANG_WARN_RANGE_LOOP_ANALYSIS = YES;
				CLANG_WARN_STRICT_PROTOTYPES = YES;
				CLANG_WARN_SUSPICIOUS_MOVE = YES;
				CLANG_WARN_UNGUARDED_AVAILABILITY = YES_AGGRESSIVE;
				CLANG_WARN_UNREACHABLE_CODE = YES;
				CLANG_WARN__DUPLICATE_METHOD_MATCH = YES;
				COPY_PHASE_STRIP = NO;
				DEBUG_INFORMATION_FORMAT = dwarf;
				ENABLE_STRICT_OBJC_MSGSEND = YES;
				ENABLE_TESTABILITY = YES;
				GCC_C_LANGUAGE_STANDARD = gnu11;
				GCC_DYNAMIC_NO_PIC = NO;
				GCC_NO_COMMON_BLOCKS = YES;
				GCC_OPTIMIZATION_LEVEL = 0;
				GCC_PREPROCESSOR_DEFINITIONS = (
					"DEBUG=1",
					"$(inherited)",
				);
				GCC_WARN_64_TO_32_BIT_CONVERSION = YES;
				GCC_WARN_ABOUT_RETURN_TYPE = YES_ERROR;
				GCC_WARN_UNDECLARED_SELECTOR = YES;
				GCC_WARN_UNINITIALIZED_AUTOS = YES_AGGRESSIVE;
				GCC_WARN_UNUSED_FUNCTION = YES;
				GCC_WARN_UNUSED_VARIABLE = YES;
				IPHONEOS_DEPLOYMENT_TARGET = 13.0;
				MTL_ENABLE_DEBUG_INFO = INCLUDE_SOURCE;
				MTL_FAST_MATH = YES;
				ONLY_ACTIVE_ARCH = YES;
				SDKROOT = iphoneos;
				SWIFT_ACTIVE_COMPILATION_CONDITIONS = DEBUG;
				SWIFT_OPTIMIZATION_LEVEL = "-Onone";
			};
			name = Debug;
		};
		4C7866E92347AE9000114639 /* Release */ = {
			isa = XCBuildConfiguration;
			buildSettings = {
				ALWAYS_SEARCH_USER_PATHS = NO;
				CLANG_ANALYZER_NONNULL = YES;
				CLANG_ANALYZER_NUMBER_OBJECT_CONVERSION = YES_AGGRESSIVE;
				CLANG_CXX_LANGUAGE_STANDARD = "gnu++14";
				CLANG_CXX_LIBRARY = "libc++";
				CLANG_ENABLE_MODULES = YES;
				CLANG_ENABLE_OBJC_ARC = YES;
				CLANG_ENABLE_OBJC_WEAK = YES;
				CLANG_WARN_BLOCK_CAPTURE_AUTORELEASING = YES;
				CLANG_WARN_BOOL_CONVERSION = YES;
				CLANG_WARN_COMMA = YES;
				CLANG_WARN_CONSTANT_CONVERSION = YES;
				CLANG_WARN_DEPRECATED_OBJC_IMPLEMENTATIONS = YES;
				CLANG_WARN_DIRECT_OBJC_ISA_USAGE = YES_ERROR;
				CLANG_WARN_DOCUMENTATION_COMMENTS = YES;
				CLANG_WARN_EMPTY_BODY = YES;
				CLANG_WARN_ENUM_CONVERSION = YES;
				CLANG_WARN_INFINITE_RECURSION = YES;
				CLANG_WARN_INT_CONVERSION = YES;
				CLANG_WARN_NON_LITERAL_NULL_CONVERSION = YES;
				CLANG_WARN_OBJC_IMPLICIT_RETAIN_SELF = YES;
				CLANG_WARN_OBJC_LITERAL_CONVERSION = YES;
				CLANG_WARN_OBJC_ROOT_CLASS = YES_ERROR;
				CLANG_WARN_RANGE_LOOP_ANALYSIS = YES;
				CLANG_WARN_STRICT_PROTOTYPES = YES;
				CLANG_WARN_SUSPICIOUS_MOVE = YES;
				CLANG_WARN_UNGUARDED_AVAILABILITY = YES_AGGRESSIVE;
				CLANG_WARN_UNREACHABLE_CODE = YES;
				CLANG_WARN__DUPLICATE_METHOD_MATCH = YES;
				COPY_PHASE_STRIP = NO;
				DEBUG_INFORMATION_FORMAT = "dwarf-with-dsym";
				ENABLE_NS_ASSERTIONS = NO;
				ENABLE_STRICT_OBJC_MSGSEND = YES;
				GCC_C_LANGUAGE_STANDARD = gnu11;
				GCC_NO_COMMON_BLOCKS = YES;
				GCC_WARN_64_TO_32_BIT_CONVERSION = YES;
				GCC_WARN_ABOUT_RETURN_TYPE = YES_ERROR;
				GCC_WARN_UNDECLARED_SELECTOR = YES;
				GCC_WARN_UNINITIALIZED_AUTOS = YES_AGGRESSIVE;
				GCC_WARN_UNUSED_FUNCTION = YES;
				GCC_WARN_UNUSED_VARIABLE = YES;
				IPHONEOS_DEPLOYMENT_TARGET = 13.0;
				MTL_ENABLE_DEBUG_INFO = NO;
				MTL_FAST_MATH = YES;
				SDKROOT = iphoneos;
				SWIFT_COMPILATION_MODE = wholemodule;
				SWIFT_OPTIMIZATION_LEVEL = "-O";
				VALIDATE_PRODUCT = YES;
			};
			name = Release;
		};
		4C7866EB2347AE9000114639 /* Debug */ = {
			isa = XCBuildConfiguration;
			buildSettings = {
				ASSETCATALOG_COMPILER_APPICON_NAME = AppIcon;
				CODE_SIGN_STYLE = Automatic;
				DEVELOPMENT_TEAM = 723763W63T;
				INFOPLIST_FILE = ARHome/Info.plist;
				LD_RUNPATH_SEARCH_PATHS = (
					"$(inherited)",
					"@executable_path/Frameworks",
				);
				PRODUCT_BUNDLE_IDENTIFIER = com.rachelc.ARHome.ARHome;
				PRODUCT_NAME = "$(TARGET_NAME)";
				SWIFT_VERSION = 5.0;
				TARGETED_DEVICE_FAMILY = 1;
			};
			name = Debug;
		};
		4C7866EC2347AE9000114639 /* Release */ = {
			isa = XCBuildConfiguration;
			buildSettings = {
				ASSETCATALOG_COMPILER_APPICON_NAME = AppIcon;
				CODE_SIGN_STYLE = Automatic;
				DEVELOPMENT_TEAM = 723763W63T;
				INFOPLIST_FILE = ARHome/Info.plist;
				LD_RUNPATH_SEARCH_PATHS = (
					"$(inherited)",
					"@executable_path/Frameworks",
				);
				PRODUCT_BUNDLE_IDENTIFIER = com.rachelc.ARHome.ARHome;
				PRODUCT_NAME = "$(TARGET_NAME)";
				SWIFT_VERSION = 5.0;
				TARGETED_DEVICE_FAMILY = 1;
			};
			name = Release;
		};
		4C7866EE2347AE9000114639 /* Debug */ = {
			isa = XCBuildConfiguration;
			buildSettings = {
				ALWAYS_EMBED_SWIFT_STANDARD_LIBRARIES = YES;
				BUNDLE_LOADER = "$(TEST_HOST)";
				CODE_SIGN_STYLE = Automatic;
				DEVELOPMENT_TEAM = 723763W63T;
				INFOPLIST_FILE = ARHomeTests/Info.plist;
				IPHONEOS_DEPLOYMENT_TARGET = 13.0;
				LD_RUNPATH_SEARCH_PATHS = (
					"$(inherited)",
					"@executable_path/Frameworks",
					"@loader_path/Frameworks",
				);
				PRODUCT_BUNDLE_IDENTIFIER = com.rachelc.ARHome.ARHomeTests;
				PRODUCT_NAME = "$(TARGET_NAME)";
				SWIFT_VERSION = 5.0;
				TARGETED_DEVICE_FAMILY = "1,2";
				TEST_HOST = "$(BUILT_PRODUCTS_DIR)/ARHome.app/ARHome";
			};
			name = Debug;
		};
		4C7866EF2347AE9000114639 /* Release */ = {
			isa = XCBuildConfiguration;
			buildSettings = {
				ALWAYS_EMBED_SWIFT_STANDARD_LIBRARIES = YES;
				BUNDLE_LOADER = "$(TEST_HOST)";
				CODE_SIGN_STYLE = Automatic;
				DEVELOPMENT_TEAM = 723763W63T;
				INFOPLIST_FILE = ARHomeTests/Info.plist;
				IPHONEOS_DEPLOYMENT_TARGET = 13.0;
				LD_RUNPATH_SEARCH_PATHS = (
					"$(inherited)",
					"@executable_path/Frameworks",
					"@loader_path/Frameworks",
				);
				PRODUCT_BUNDLE_IDENTIFIER = com.rachelc.ARHome.ARHomeTests;
				PRODUCT_NAME = "$(TARGET_NAME)";
				SWIFT_VERSION = 5.0;
				TARGETED_DEVICE_FAMILY = "1,2";
				TEST_HOST = "$(BUILT_PRODUCTS_DIR)/ARHome.app/ARHome";
			};
			name = Release;
		};
/* End XCBuildConfiguration section */

/* Begin XCConfigurationList section */
		4C7866C62347AE8F00114639 /* Build configuration list for PBXProject "ARHome" */ = {
			isa = XCConfigurationList;
			buildConfigurations = (
				4C7866E82347AE9000114639 /* Debug */,
				4C7866E92347AE9000114639 /* Release */,
			);
			defaultConfigurationIsVisible = 0;
			defaultConfigurationName = Release;
		};
		4C7866EA2347AE9000114639 /* Build configuration list for PBXNativeTarget "ARHome" */ = {
			isa = XCConfigurationList;
			buildConfigurations = (
				4C7866EB2347AE9000114639 /* Debug */,
				4C7866EC2347AE9000114639 /* Release */,
			);
			defaultConfigurationIsVisible = 0;
			defaultConfigurationName = Release;
		};
		4C7866ED2347AE9000114639 /* Build configuration list for PBXNativeTarget "ARHomeTests" */ = {
			isa = XCConfigurationList;
			buildConfigurations = (
				4C7866EE2347AE9000114639 /* Debug */,
				4C7866EF2347AE9000114639 /* Release */,
			);
			defaultConfigurationIsVisible = 0;
			defaultConfigurationName = Release;
		};
/* End XCConfigurationList section */
	};
	rootObject = 4C7866C32347AE8F00114639 /* Project object */;
}
